// !$*UTF8*$!
{
	archiveVersion = 1;
	classes = {
	};
	objectVersion = 46;
	objects = {

/* Begin PBXBuildFile section */
		15D9DA271D52B1DF001FA059 /* AppDelegate.swift in Sources */ = {isa = PBXBuildFile; fileRef = 15D9DA261D52B1DF001FA059 /* AppDelegate.swift */; };
		15D9DA291D52B1DF001FA059 /* FirstViewController.swift in Sources */ = {isa = PBXBuildFile; fileRef = 15D9DA281D52B1DF001FA059 /* FirstViewController.swift */; };
		15D9DA2B1D52B1DF001FA059 /* SecondViewController.swift in Sources */ = {isa = PBXBuildFile; fileRef = 15D9DA2A1D52B1DF001FA059 /* SecondViewController.swift */; };
		15D9DA2E1D52B1DF001FA059 /* Main.storyboard in Resources */ = {isa = PBXBuildFile; fileRef = 15D9DA2C1D52B1DF001FA059 /* Main.storyboard */; };
		15D9DA301D52B1DF001FA059 /* Assets.xcassets in Resources */ = {isa = PBXBuildFile; fileRef = 15D9DA2F1D52B1DF001FA059 /* Assets.xcassets */; };
		15D9DA331D52B1DF001FA059 /* LaunchScreen.storyboard in Resources */ = {isa = PBXBuildFile; fileRef = 15D9DA311D52B1DF001FA059 /* LaunchScreen.storyboard */; };
		15D9DA3E1D52B1DF001FA059 /* CatchMeTests.swift in Sources */ = {isa = PBXBuildFile; fileRef = 15D9DA3D1D52B1DF001FA059 /* CatchMeTests.swift */; };
		15D9DA491D52B1DF001FA059 /* CatchMeUITests.swift in Sources */ = {isa = PBXBuildFile; fileRef = 15D9DA481D52B1DF001FA059 /* CatchMeUITests.swift */; };
/* End PBXBuildFile section */

/* Begin PBXContainerItemProxy section */
		15D9DA3A1D52B1DF001FA059 /* PBXContainerItemProxy */ = {
			isa = PBXContainerItemProxy;
			containerPortal = 15D9DA1B1D52B1DE001FA059 /* Project object */;
			proxyType = 1;
			remoteGlobalIDString = 15D9DA221D52B1DE001FA059;
			remoteInfo = CatchMe;
		};
		15D9DA451D52B1DF001FA059 /* PBXContainerItemProxy */ = {
			isa = PBXContainerItemProxy;
			containerPortal = 15D9DA1B1D52B1DE001FA059 /* Project object */;
			proxyType = 1;
			remoteGlobalIDString = 15D9DA221D52B1DE001FA059;
			remoteInfo = CatchMe;
		};
/* End PBXContainerItemProxy section */

/* Begin PBXFileReference section */
		15D9DA231D52B1DF001FA059 /* CatchMe.app */ = {isa = PBXFileReference; explicitFileType = wrapper.application; includeInIndex = 0; path = CatchMe.app; sourceTree = BUILT_PRODUCTS_DIR; };
		15D9DA261D52B1DF001FA059 /* AppDelegate.swift */ = {isa = PBXFileReference; lastKnownFileType = sourcecode.swift; path = AppDelegate.swift; sourceTree = "<group>"; };
		15D9DA281D52B1DF001FA059 /* FirstViewController.swift */ = {isa = PBXFileReference; lastKnownFileType = sourcecode.swift; path = FirstViewController.swift; sourceTree = "<group>"; };
		15D9DA2A1D52B1DF001FA059 /* SecondViewController.swift */ = {isa = PBXFileReference; lastKnownFileType = sourcecode.swift; path = SecondViewController.swift; sourceTree = "<group>"; };
		15D9DA2D1D52B1DF001FA059 /* Base */ = {isa = PBXFileReference; lastKnownFileType = file.storyboard; name = Base; path = Base.lproj/Main.storyboard; sourceTree = "<group>"; };
		15D9DA2F1D52B1DF001FA059 /* Assets.xcassets */ = {isa = PBXFileReference; lastKnownFileType = folder.assetcatalog; path = Assets.xcassets; sourceTree = "<group>"; };
		15D9DA321D52B1DF001FA059 /* Base */ = {isa = PBXFileReference; lastKnownFileType = file.storyboard; name = Base; path = Base.lproj/LaunchScreen.storyboard; sourceTree = "<group>"; };
		15D9DA341D52B1DF001FA059 /* Info.plist */ = {isa = PBXFileReference; lastKnownFileType = text.plist.xml; path = Info.plist; sourceTree = "<group>"; };
		15D9DA391D52B1DF001FA059 /* CatchMeTests.xctest */ = {isa = PBXFileReference; explicitFileType = wrapper.cfbundle; includeInIndex = 0; path = CatchMeTests.xctest; sourceTree = BUILT_PRODUCTS_DIR; };
		15D9DA3D1D52B1DF001FA059 /* CatchMeTests.swift */ = {isa = PBXFileReference; lastKnownFileType = sourcecode.swift; path = CatchMeTests.swift; sourceTree = "<group>"; };
		15D9DA3F1D52B1DF001FA059 /* Info.plist */ = {isa = PBXFileReference; lastKnownFileType = text.plist.xml; path = Info.plist; sourceTree = "<group>"; };
		15D9DA441D52B1DF001FA059 /* CatchMeUITests.xctest */ = {isa = PBXFileReference; explicitFileType = wrapper.cfbundle; includeInIndex = 0; path = CatchMeUITests.xctest; sourceTree = BUILT_PRODUCTS_DIR; };
		15D9DA481D52B1DF001FA059 /* CatchMeUITests.swift */ = {isa = PBXFileReference; lastKnownFileType = sourcecode.swift; path = CatchMeUITests.swift; sourceTree = "<group>"; };
		15D9DA4A1D52B1DF001FA059 /* Info.plist */ = {isa = PBXFileReference; lastKnownFileType = text.plist.xml; path = Info.plist; sourceTree = "<group>"; };
/* End PBXFileReference section */

/* Begin PBXFrameworksBuildPhase section */
		15D9DA201D52B1DE001FA059 /* Frameworks */ = {
			isa = PBXFrameworksBuildPhase;
			buildActionMask = 2147483647;
			files = (
			);
			runOnlyForDeploymentPostprocessing = 0;
		};
		15D9DA361D52B1DF001FA059 /* Frameworks */ = {
			isa = PBXFrameworksBuildPhase;
			buildActionMask = 2147483647;
			files = (
			);
			runOnlyForDeploymentPostprocessing = 0;
		};
		15D9DA411D52B1DF001FA059 /* Frameworks */ = {
			isa = PBXFrameworksBuildPhase;
			buildActionMask = 2147483647;
			files = (
			);
			runOnlyForDeploymentPostprocessing = 0;
		};
/* End PBXFrameworksBuildPhase section */

/* Begin PBXGroup section */
		15D9DA1A1D52B1DE001FA059 = {
			isa = PBXGroup;
			children = (
				15D9DA251D52B1DF001FA059 /* CatchMe */,
				15D9DA3C1D52B1DF001FA059 /* CatchMeTests */,
				15D9DA471D52B1DF001FA059 /* CatchMeUITests */,
				15D9DA241D52B1DF001FA059 /* Products */,
			);
			sourceTree = "<group>";
		};
		15D9DA241D52B1DF001FA059 /* Products */ = {
			isa = PBXGroup;
			children = (
				15D9DA231D52B1DF001FA059 /* CatchMe.app */,
				15D9DA391D52B1DF001FA059 /* CatchMeTests.xctest */,
				15D9DA441D52B1DF001FA059 /* CatchMeUITests.xctest */,
			);
			name = Products;
			sourceTree = "<group>";
		};
		15D9DA251D52B1DF001FA059 /* CatchMe */ = {
			isa = PBXGroup;
			children = (
				15D9DA261D52B1DF001FA059 /* AppDelegate.swift */,
				15D9DA281D52B1DF001FA059 /* FirstViewController.swift */,
				15D9DA2A1D52B1DF001FA059 /* SecondViewController.swift */,
				15D9DA2C1D52B1DF001FA059 /* Main.storyboard */,
				15D9DA2F1D52B1DF001FA059 /* Assets.xcassets */,
				15D9DA311D52B1DF001FA059 /* LaunchScreen.storyboard */,
				15D9DA341D52B1DF001FA059 /* Info.plist */,
			);
			path = CatchMe;
			sourceTree = "<group>";
		};
		15D9DA3C1D52B1DF001FA059 /* CatchMeTests */ = {
			isa = PBXGroup;
			children = (
				15D9DA3D1D52B1DF001FA059 /* CatchMeTests.swift */,
				15D9DA3F1D52B1DF001FA059 /* Info.plist */,
			);
			path = CatchMeTests;
			sourceTree = "<group>";
		};
		15D9DA471D52B1DF001FA059 /* CatchMeUITests */ = {
			isa = PBXGroup;
			children = (
				15D9DA481D52B1DF001FA059 /* CatchMeUITests.swift */,
				15D9DA4A1D52B1DF001FA059 /* Info.plist */,
			);
			path = CatchMeUITests;
			sourceTree = "<group>";
		};
/* End PBXGroup section */

/* Begin PBXNativeTarget section */
		15D9DA221D52B1DE001FA059 /* CatchMe */ = {
			isa = PBXNativeTarget;
			buildConfigurationList = 15D9DA4D1D52B1DF001FA059 /* Build configuration list for PBXNativeTarget "CatchMe" */;
			buildPhases = (
				15D9DA1F1D52B1DE001FA059 /* Sources */,
				15D9DA201D52B1DE001FA059 /* Frameworks */,
				15D9DA211D52B1DE001FA059 /* Resources */,
			);
			buildRules = (
			);
			dependencies = (
			);
			name = CatchMe;
			productName = CatchMe;
			productReference = 15D9DA231D52B1DF001FA059 /* CatchMe.app */;
			productType = "com.apple.product-type.application";
		};
		15D9DA381D52B1DF001FA059 /* CatchMeTests */ = {
			isa = PBXNativeTarget;
			buildConfigurationList = 15D9DA501D52B1DF001FA059 /* Build configuration list for PBXNativeTarget "CatchMeTests" */;
			buildPhases = (
				15D9DA351D52B1DF001FA059 /* Sources */,
				15D9DA361D52B1DF001FA059 /* Frameworks */,
				15D9DA371D52B1DF001FA059 /* Resources */,
			);
			buildRules = (
			);
			dependencies = (
				15D9DA3B1D52B1DF001FA059 /* PBXTargetDependency */,
			);
			name = CatchMeTests;
			productName = CatchMeTests;
			productReference = 15D9DA391D52B1DF001FA059 /* CatchMeTests.xctest */;
			productType = "com.apple.product-type.bundle.unit-test";
		};
		15D9DA431D52B1DF001FA059 /* CatchMeUITests */ = {
			isa = PBXNativeTarget;
			buildConfigurationList = 15D9DA531D52B1DF001FA059 /* Build configuration list for PBXNativeTarget "CatchMeUITests" */;
			buildPhases = (
				15D9DA401D52B1DF001FA059 /* Sources */,
				15D9DA411D52B1DF001FA059 /* Frameworks */,
				15D9DA421D52B1DF001FA059 /* Resources */,
			);
			buildRules = (
			);
			dependencies = (
				15D9DA461D52B1DF001FA059 /* PBXTargetDependency */,
			);
			name = CatchMeUITests;
			productName = CatchMeUITests;
			productReference = 15D9DA441D52B1DF001FA059 /* CatchMeUITests.xctest */;
			productType = "com.apple.product-type.bundle.ui-testing";
		};
/* End PBXNativeTarget section */

/* Begin PBXProject section */
		15D9DA1B1D52B1DE001FA059 /* Project object */ = {
			isa = PBXProject;
			attributes = {
				LastSwiftUpdateCheck = 0730;
				LastUpgradeCheck = 0730;
				ORGANIZATIONNAME = "Ryan Rizzo";
				TargetAttributes = {
					15D9DA221D52B1DE001FA059 = {
						CreatedOnToolsVersion = 7.3.1;
					};
					15D9DA381D52B1DF001FA059 = {
						CreatedOnToolsVersion = 7.3.1;
						TestTargetID = 15D9DA221D52B1DE001FA059;
					};
					15D9DA431D52B1DF001FA059 = {
						CreatedOnToolsVersion = 7.3.1;
						TestTargetID = 15D9DA221D52B1DE001FA059;
					};
				};
			};
			buildConfigurationList = 15D9DA1E1D52B1DE001FA059 /* Build configuration list for PBXProject "CatchMe" */;
			compatibilityVersion = "Xcode 3.2";
			developmentRegion = English;
			hasScannedForEncodings = 0;
			knownRegions = (
				en,
				Base,
			);
			mainGroup = 15D9DA1A1D52B1DE001FA059;
			productRefGroup = 15D9DA241D52B1DF001FA059 /* Products */;
			projectDirPath = "";
			projectRoot = "";
			targets = (
				15D9DA221D52B1DE001FA059 /* CatchMe */,
				15D9DA381D52B1DF001FA059 /* CatchMeTests */,
				15D9DA431D52B1DF001FA059 /* CatchMeUITests */,
			);
		};
/* End PBXProject section */

/* Begin PBXResourcesBuildPhase section */
		15D9DA211D52B1DE001FA059 /* Resources */ = {
			isa = PBXResourcesBuildPhase;
			buildActionMask = 2147483647;
			files = (
				15D9DA331D52B1DF001FA059 /* LaunchScreen.storyboard in Resources */,
				15D9DA301D52B1DF001FA059 /* Assets.xcassets in Resources */,
				15D9DA2E1D52B1DF001FA059 /* Main.storyboard in Resources */,
			);
			runOnlyForDeploymentPostprocessing = 0;
		};
		15D9DA371D52B1DF001FA059 /* Resources */ = {
			isa = PBXResourcesBuildPhase;
			buildActionMask = 2147483647;
			files = (
			);
			runOnlyForDeploymentPostprocessing = 0;
		};
		15D9DA421D52B1DF001FA059 /* Resources */ = {
			isa = PBXResourcesBuildPhase;
			buildActionMask = 2147483647;
			files = (
			);
			runOnlyForDeploymentPostprocessing = 0;
		};
/* End PBXResourcesBuildPhase section */

/* Begin PBXSourcesBuildPhase section */
		15D9DA1F1D52B1DE001FA059 /* Sources */ = {
			isa = PBXSourcesBuildPhase;
			buildActionMask = 2147483647;
			files = (
				15D9DA2B1D52B1DF001FA059 /* SecondViewController.swift in Sources */,
				15D9DA271D52B1DF001FA059 /* AppDelegate.swift in Sources */,
				15D9DA291D52B1DF001FA059 /* FirstViewController.swift in Sources */,
			);
			runOnlyForDeploymentPostprocessing = 0;
		};
		15D9DA351D52B1DF001FA059 /* Sources */ = {
			isa = PBXSourcesBuildPhase;
			buildActionMask = 2147483647;
			files = (
				15D9DA3E1D52B1DF001FA059 /* CatchMeTests.swift in Sources */,
			);
			runOnlyForDeploymentPostprocessing = 0;
		};
		15D9DA401D52B1DF001FA059 /* Sources */ = {
			isa = PBXSourcesBuildPhase;
			buildActionMask = 2147483647;
			files = (
				15D9DA491D52B1DF001FA059 /* CatchMeUITests.swift in Sources */,
			);
			runOnlyForDeploymentPostprocessing = 0;
		};
/* End PBXSourcesBuildPhase section */

/* Begin PBXTargetDependency section */
		15D9DA3B1D52B1DF001FA059 /* PBXTargetDependency */ = {
			isa = PBXTargetDependency;
			target = 15D9DA221D52B1DE001FA059 /* CatchMe */;
			targetProxy = 15D9DA3A1D52B1DF001FA059 /* PBXContainerItemProxy */;
		};
		15D9DA461D52B1DF001FA059 /* PBXTargetDependency */ = {
			isa = PBXTargetDependency;
			target = 15D9DA221D52B1DE001FA059 /* CatchMe */;
			targetProxy = 15D9DA451D52B1DF001FA059 /* PBXContainerItemProxy */;
		};
/* End PBXTargetDependency section */

/* Begin PBXVariantGroup section */
		15D9DA2C1D52B1DF001FA059 /* Main.storyboard */ = {
			isa = PBXVariantGroup;
			children = (
				15D9DA2D1D52B1DF001FA059 /* Base */,
			);
			name = Main.storyboard;
			sourceTree = "<group>";
		};
		15D9DA311D52B1DF001FA059 /* LaunchScreen.storyboard */ = {
			isa = PBXVariantGroup;
			children = (
				15D9DA321D52B1DF001FA059 /* Base */,
			);
			name = LaunchScreen.storyboard;
			sourceTree = "<group>";
		};
/* End PBXVariantGroup section */

/* Begin XCBuildConfiguration section */
		15D9DA4B1D52B1DF001FA059 /* Debug */ = {
			isa = XCBuildConfiguration;
			buildSettings = {
				ALWAYS_SEARCH_USER_PATHS = NO;
				CLANG_ANALYZER_NONNULL = YES;
				CLANG_CXX_LANGUAGE_STANDARD = "gnu++0x";
				CLANG_CXX_LIBRARY = "libc++";
				CLANG_ENABLE_MODULES = YES;
				CLANG_ENABLE_OBJC_ARC = YES;
				CLANG_WARN_BOOL_CONVERSION = YES;
				CLANG_WARN_CONSTANT_CONVERSION = YES;
				CLANG_WARN_DIRECT_OBJC_ISA_USAGE = YES_ERROR;
				CLANG_WARN_EMPTY_BODY = YES;
				CLANG_WARN_ENUM_CONVERSION = YES;
				CLANG_WARN_INT_CONVERSION = YES;
				CLANG_WARN_OBJC_ROOT_CLASS = YES_ERROR;
				CLANG_WARN_UNREACHABLE_CODE = YES;
				CLANG_WARN__DUPLICATE_METHOD_MATCH = YES;
				"CODE_SIGN_IDENTITY[sdk=iphoneos*]" = "iPhone Developer";
				COPY_PHASE_STRIP = NO;
				DEBUG_INFORMATION_FORMAT = dwarf;
				ENABLE_STRICT_OBJC_MSGSEND = YES;
				ENABLE_TESTABILITY = YES;
				GCC_C_LANGUAGE_STANDARD = gnu99;
				GCC_DYNAMIC_NO_PIC = NO;
				GCC_NO_COMMON_BLOCKS = YES;
				GCC_OPTIMIZATION_LEVEL = 0;
				GCC_PREPROCESSOR_DEFINITIONS = (
					"DEBUG=1",
					"$(inherited)",
				);
				GCC_WARN_64_TO_32_BIT_CONVERSION = YES;
				GCC_WARN_ABOUT_RETURN_TYPE = YES_ERROR;
				GCC_WARN_UNDECLARED_SELECTOR = YES;
				GCC_WARN_UNINITIALIZED_AUTOS = YES_AGGRESSIVE;
				GCC_WARN_UNUSED_FUNCTION = YES;
				GCC_WARN_UNUSED_VARIABLE = YES;
				IPHONEOS_DEPLOYMENT_TARGET = 9.3;
				MTL_ENABLE_DEBUG_INFO = YES;
				ONLY_ACTIVE_ARCH = YES;
				SDKROOT = iphoneos;
				SWIFT_OPTIMIZATION_LEVEL = "-Onone";
				TARGETED_DEVICE_FAMILY = "1,2";
			};
			name = Debug;
		};
		15D9DA4C1D52B1DF001FA059 /* Release */ = {
			isa = XCBuildConfiguration;
			buildSettings = {
				ALWAYS_SEARCH_USER_PATHS = NO;
				CLANG_ANALYZER_NONNULL = YES;
				CLANG_CXX_LANGUAGE_STANDARD = "gnu++0x";
				CLANG_CXX_LIBRARY = "libc++";
				CLANG_ENABLE_MODULES = YES;
				CLANG_ENABLE_OBJC_ARC = YES;
				CLANG_WARN_BOOL_CONVERSION = YES;
				CLANG_WARN_CONSTANT_CONVERSION = YES;
				CLANG_WARN_DIRECT_OBJC_ISA_USAGE = YES_ERROR;
				CLANG_WARN_EMPTY_BODY = YES;
				CLANG_WARN_ENUM_CONVERSION = YES;
				CLANG_WARN_INT_CONVERSION = YES;
				CLANG_WARN_OBJC_ROOT_CLASS = YES_ERROR;
				CLANG_WARN_UNREACHABLE_CODE = YES;
				CLANG_WARN__DUPLICATE_METHOD_MATCH = YES;
				"CODE_SIGN_IDENTITY[sdk=iphoneos*]" = "iPhone Developer";
				COPY_PHASE_STRIP = NO;
				DEBUG_INFORMATION_FORMAT = "dwarf-with-dsym";
				ENABLE_NS_ASSERTIONS = NO;
				ENABLE_STRICT_OBJC_MSGSEND = YES;
				GCC_C_LANGUAGE_STANDARD = gnu99;
				GCC_NO_COMMON_BLOCKS = YES;
				GCC_WARN_64_TO_32_BIT_CONVERSION = YES;
				GCC_WARN_ABOUT_RETURN_TYPE = YES_ERROR;
				GCC_WARN_UNDECLARED_SELECTOR = YES;
				GCC_WARN_UNINITIALIZED_AUTOS = YES_AGGRESSIVE;
				GCC_WARN_UNUSED_FUNCTION = YES;
				GCC_WARN_UNUSED_VARIABLE = YES;
				IPHONEOS_DEPLOYMENT_TARGET = 9.3;
				MTL_ENABLE_DEBUG_INFO = NO;
				SDKROOT = iphoneos;
				TARGETED_DEVICE_FAMILY = "1,2";
				VALIDATE_PRODUCT = YES;
			};
			name = Release;
		};
		15D9DA4E1D52B1DF001FA059 /* Debug */ = {
			isa = XCBuildConfiguration;
			buildSettings = {
				ASSETCATALOG_COMPILER_APPICON_NAME = AppIcon;
				INFOPLIST_FILE = CatchMe/Info.plist;
				LD_RUNPATH_SEARCH_PATHS = "$(inherited) @executable_path/Frameworks";
				PRODUCT_BUNDLE_IDENTIFIER = com.ryanrizzo.CatchMe;
				PRODUCT_NAME = "$(TARGET_NAME)";
			};
			name = Debug;
		};
		15D9DA4F1D52B1DF001FA059 /* Release */ = {
			isa = XCBuildConfiguration;
			buildSettings = {
				ASSETCATALOG_COMPILER_APPICON_NAME = AppIcon;
				INFOPLIST_FILE = CatchMe/Info.plist;
				LD_RUNPATH_SEARCH_PATHS = "$(inherited) @executable_path/Frameworks";
				PRODUCT_BUNDLE_IDENTIFIER = com.ryanrizzo.CatchMe;
				PRODUCT_NAME = "$(TARGET_NAME)";
			};
			name = Release;
		};
		15D9DA511D52B1DF001FA059 /* Debug */ = {
			isa = XCBuildConfiguration;
			buildSettings = {
				BUNDLE_LOADER = "$(TEST_HOST)";
				INFOPLIST_FILE = CatchMeTests/Info.plist;
				LD_RUNPATH_SEARCH_PATHS = "$(inherited) @executable_path/Frameworks @loader_path/Frameworks";
				PRODUCT_BUNDLE_IDENTIFIER = com.ryanrizzo.CatchMeTests;
				PRODUCT_NAME = "$(TARGET_NAME)";
				TEST_HOST = "$(BUILT_PRODUCTS_DIR)/CatchMe.app/CatchMe";
			};
			name = Debug;
		};
		15D9DA521D52B1DF001FA059 /* Release */ = {
			isa = XCBuildConfiguration;
			buildSettings = {
				BUNDLE_LOADER = "$(TEST_HOST)";
				INFOPLIST_FILE = CatchMeTests/Info.plist;
				LD_RUNPATH_SEARCH_PATHS = "$(inherited) @executable_path/Frameworks @loader_path/Frameworks";
				PRODUCT_BUNDLE_IDENTIFIER = com.ryanrizzo.CatchMeTests;
				PRODUCT_NAME = "$(TARGET_NAME)";
				TEST_HOST = "$(BUILT_PRODUCTS_DIR)/CatchMe.app/CatchMe";
			};
			name = Release;
		};
		15D9DA541D52B1DF001FA059 /* Debug */ = {
			isa = XCBuildConfiguration;
			buildSettings = {
				INFOPLIST_FILE = CatchMeUITests/Info.plist;
				LD_RUNPATH_SEARCH_PATHS = "$(inherited) @executable_path/Frameworks @loader_path/Frameworks";
				PRODUCT_BUNDLE_IDENTIFIER = com.ryanrizzo.CatchMeUITests;
				PRODUCT_NAME = "$(TARGET_NAME)";
				TEST_TARGET_NAME = CatchMe;
			};
			name = Debug;
		};
		15D9DA551D52B1DF001FA059 /* Release */ = {
			isa = XCBuildConfiguration;
			buildSettings = {
				INFOPLIST_FILE = CatchMeUITests/Info.plist;
				LD_RUNPATH_SEARCH_PATHS = "$(inherited) @executable_path/Frameworks @loader_path/Frameworks";
				PRODUCT_BUNDLE_IDENTIFIER = com.ryanrizzo.CatchMeUITests;
				PRODUCT_NAME = "$(TARGET_NAME)";
				TEST_TARGET_NAME = CatchMe;
			};
			name = Release;
		};
/* End XCBuildConfiguration section */

/* Begin XCConfigurationList section */
		15D9DA1E1D52B1DE001FA059 /* Build configuration list for PBXProject "CatchMe" */ = {
			isa = XCConfigurationList;
			buildConfigurations = (
				15D9DA4B1D52B1DF001FA059 /* Debug */,
				15D9DA4C1D52B1DF001FA059 /* Release */,
			);
			defaultConfigurationIsVisible = 0;
			defaultConfigurationName = Release;
		};
		15D9DA4D1D52B1DF001FA059 /* Build configuration list for PBXNativeTarget "CatchMe" */ = {
			isa = XCConfigurationList;
			buildConfigurations = (
				15D9DA4E1D52B1DF001FA059 /* Debug */,
				15D9DA4F1D52B1DF001FA059 /* Release */,
			);
			defaultConfigurationIsVisible = 0;
		};
		15D9DA501D52B1DF001FA059 /* Build configuration list for PBXNativeTarget "CatchMeTests" */ = {
			isa = XCConfigurationList;
			buildConfigurations = (
				15D9DA511D52B1DF001FA059 /* Debug */,
				15D9DA521D52B1DF001FA059 /* Release */,
			);
			defaultConfigurationIsVisible = 0;
		};
		15D9DA531D52B1DF001FA059 /* Build configuration list for PBXNativeTarget "CatchMeUITests" */ = {
			isa = XCConfigurationList;
			buildConfigurations = (
				15D9DA541D52B1DF001FA059 /* Debug */,
				15D9DA551D52B1DF001FA059 /* Release */,
			);
			defaultConfigurationIsVisible = 0;
		};
/* End XCConfigurationList section */
	};
	rootObject = 15D9DA1B1D52B1DE001FA059 /* Project object */;
}
